%{"amqp": {:hex, :amqp, "0.1.1"},
  "amqp_client": {:hex, :amqp_client, "3.5.0"},
  "earmark": {:hex, :earmark, "0.1.17"},
  "ex_doc": {:hex, :ex_doc, "0.7.3"},
  "exactor": {:hex, :exactor, "2.1.2"},
  "exjsx": {:hex, :exjsx, "3.1.0"},
  "exvcr": {:git, "git://github.com/parroty/exvcr.git", "e23652efbaa21e863f679baf040470018a1c9d20", []},
  "hackney": {:hex, :hackney, "1.1.0"},
  "httpoison": {:hex, :httpoison, "0.6.2"},
  "idna": {:hex, :idna, "1.0.2"},
  "json": {:hex, :json, "0.3.2"},
  "jsx": {:hex, :jsx, "2.4.0"},
  "meck": {:hex, :meck, "0.8.2"},
  "openaperture_auth": {:git, "https://:x-oauth-basic@github.com/OpenAperture/auth.git", "0ded31f747cb0b781838b5799acadcda88dd7953", [ref: "0ded31f747cb0b781838b5799acadcda88dd7953"]},
  "openaperture_manager_api": {:git, "https://github.com/OpenAperture/manager_api.git", "ae629a4127acceac8a9791c85e5a0d3b67d1ad16", [ref: "ae629a4127acceac8a9791c85e5a0d3b67d1ad16"]},
  "openaperture_messaging": {:git, "https://github.com/OpenAperture/messaging.git", "11061d019bab15c4b43425f7cdb50899eef05b45", [ref: "11061d019bab15c4b43425f7cdb50899eef05b45"]},
  "poison": {:hex, :poison, "1.3.1"},
  "rabbit_common": {:hex, :rabbit_common, "3.5.0"},
  "ssl_verify_hostname": {:hex, :ssl_verify_hostname, "1.0.4"},
  "uuid": {:hex, :uuid, "0.1.5"}}
