%{"amqp": {:hex, :amqp, "0.1.1"},
  "amqp_client": {:hex, :amqp_client, "3.5.0"},
  "earmark": {:hex, :earmark, "0.1.17"},
  "ex_doc": {:hex, :ex_doc, "0.7.3"},
  "exactor": {:hex, :exactor, "2.1.2"},
  "exjsx": {:hex, :exjsx, "3.1.0"},
  "exvcr": {:git, "git://github.com/parroty/exvcr.git", "e4d90c0d34f26fa2e2f515546e7d02f28168bb54", []},
  "hackney": {:hex, :hackney, "1.2.0"},
  "httpoison": {:hex, :httpoison, "0.7.0"},
  "idna": {:hex, :idna, "1.0.2"},
  "jsx": {:hex, :jsx, "2.4.0"},
  "meck": {:hex, :meck, "0.8.2"},
  "openaperture_auth": {:git, "https://github.com/OpenAperture/auth.git", "dc7a0813b335d3013dff60d271ae1f51fc4b5049", [ref: "dc7a0813b335d3013dff60d271ae1f51fc4b5049"]},
  "openaperture_manager_api": {:git, "https://github.com/OpenAperture/manager_api.git", "84eedf15d805e6a827b3d62978b5a20244c99094", [ref: "84eedf15d805e6a827b3d62978b5a20244c99094"]},
  "openaperture_messaging": {:git, "https://github.com/OpenAperture/messaging.git", "e48c52b98abc86f4404954e7b4c85b090e83c69c", [ref: "e48c52b98abc86f4404954e7b4c85b090e83c69c"]},
  "poison": {:hex, :poison, "1.4.0"},
  "rabbit_common": {:hex, :rabbit_common, "3.5.0"},
  "ssl_verify_hostname": {:hex, :ssl_verify_hostname, "1.0.5"},
  "uuid": {:hex, :uuid, "0.1.5"}}
